
Microsoft Visual Studio Solution File, Format Version 12.00
# Visual Studio Version 17
VisualStudioVersion = 17.5.33516.290
MinimumVisualStudioVersion = 10.0.40219.1
Project("{9A19103F-16F7-4668-BE54-9A1E7A4F7556}") = "TrainzApi", "TrainzApi\TrainzApi.csproj", "{68314175-9755-48B0-B602-D9FC28E22AA7}"
EndProject
Project("{9A19103F-16F7-4668-BE54-9A1E7A4F7556}") = "TrainzLib", "TrainzLib\TrainzLib.csproj", "{6D0D76BC-6BF2-42C6-AA81-413F5A005231}"
EndProject
Project("{2150E333-8FDC-42A3-9474-1A3956D46DE8}") = "Элементы решения", "Элементы решения", "{B1B72C80-470E-4E12-B387-68CAD7EFBEDF}"
	ProjectSection(SolutionItems) = preProject
		README.md = README.md
	EndProjectSection
EndProject
Project("{FAE04EC0-301F-11D3-BF4B-00C04F79EFBC}") = "TrainzTest", "TrainzTest\TrainzTest.csproj", "{DAA6859D-B6CA-4B07-87F6-F3626539C882}"
EndProject
Project("{FAE04EC0-301F-11D3-BF4B-00C04F79EFBC}") = "TrainzMock", "TrainzMock\TrainzMock.csproj", "{B0B9200C-48B4-4172-8999-284F0B81597D}"
EndProject
Global
	GlobalSection(SolutionConfigurationPlatforms) = preSolution
		Debug|Any CPU = Debug|Any CPU
		Release|Any CPU = Release|Any CPU
	EndGlobalSection
	GlobalSection(ProjectConfigurationPlatforms) = postSolution
		{68314175-9755-48B0-B602-D9FC28E22AA7}.Debug|Any CPU.ActiveCfg = Debug|Any CPU
		{68314175-9755-48B0-B602-D9FC28E22AA7}.Debug|Any CPU.Build.0 = Debug|Any CPU
		{68314175-9755-48B0-B602-D9FC28E22AA7}.Release|Any CPU.ActiveCfg = Release|Any CPU
		{68314175-9755-48B0-B602-D9FC28E22AA7}.Release|Any CPU.Build.0 = Release|Any CPU
		{6D0D76BC-6BF2-42C6-AA81-413F5A005231}.Debug|Any CPU.ActiveCfg = Debug|Any CPU
		{6D0D76BC-6BF2-42C6-AA81-413F5A005231}.Debug|Any CPU.Build.0 = Debug|Any CPU
		{6D0D76BC-6BF2-42C6-AA81-413F5A005231}.Release|Any CPU.ActiveCfg = Release|Any CPU
		{6D0D76BC-6BF2-42C6-AA81-413F5A005231}.Release|Any CPU.Build.0 = Release|Any CPU
		{DAA6859D-B6CA-4B07-87F6-F3626539C882}.Debug|Any CPU.ActiveCfg = Debug|Any CPU
		{DAA6859D-B6CA-4B07-87F6-F3626539C882}.Debug|Any CPU.Build.0 = Debug|Any CPU
		{DAA6859D-B6CA-4B07-87F6-F3626539C882}.Release|Any CPU.ActiveCfg = Release|Any CPU
		{DAA6859D-B6CA-4B07-87F6-F3626539C882}.Release|Any CPU.Build.0 = Release|Any CPU
		{B0B9200C-48B4-4172-8999-284F0B81597D}.Debug|Any CPU.ActiveCfg = Debug|Any CPU
		{B0B9200C-48B4-4172-8999-284F0B81597D}.Debug|Any CPU.Build.0 = Debug|Any CPU
		{B0B9200C-48B4-4172-8999-284F0B81597D}.Release|Any CPU.ActiveCfg = Release|Any CPU
		{B0B9200C-48B4-4172-8999-284F0B81597D}.Release|Any CPU.Build.0 = Release|Any CPU
	EndGlobalSection
	GlobalSection(SolutionProperties) = preSolution
		HideSolutionNode = FALSE
	EndGlobalSection
	GlobalSection(ExtensibilityGlobals) = postSolution
		SolutionGuid = {088F9949-C8A0-4745-A8B7-9FA7A7A8121D}
	EndGlobalSection
EndGlobal
